hash: 3e067b54b8ebfa8fcf455fcb55a213efe7ec6aff776e87e9c570dc1d257de57e
updated: 2016-08-14T10:38:06.947322834-04:00
imports:
- name: github.com/abiosoft/caddy-git
  version: 43593739b329c7fbf82bc7f66e881f3810bf57e0
- name: github.com/go-kit/kit
  version: 43593739b329c7fbf82bc7f66e881f3810bf57e0
  subpackages:
  - endpoint
  - log
  - transport/http
- name: github.com/go-logfmt/logfmt
  version: 43593739b329c7fbf82bc7f66e881f3810bf57e0
- name: github.com/go-stack/stack
  version: 43593739b329c7fbf82bc7f66e881f3810bf57e0
- name: github.com/gorilla/context
  version: aed02d124ae4a0e94fea4541c8effd05bf0c8296
- name: github.com/gorilla/mux
  version: 0eeaf8392f5b04950925b8a69fe70f110fa7cbfc
- name: github.com/groob/plist
  version: 43593739b329c7fbf82bc7f66e881f3810bf57e0
- name: github.com/kr/logfmt
  version: 43593739b329c7fbf82bc7f66e881f3810bf57e0
- name: github.com/mholt/caddy
  version: 43593739b329c7fbf82bc7f66e881f3810bf57e0
  subpackages:
  - caddyhttp
  - caddytls
- name: github.com/micromdm/scep
  version: 43593739b329c7fbf82bc7f66e881f3810bf57e0
  subpackages:
  - caddy
- name: github.com/xenolf/lego
  version: 43593739b329c7fbf82bc7f66e881f3810bf57e0
  subpackages:
  - acme
- name: golang.org/x/net
  version: 43593739b329c7fbf82bc7f66e881f3810bf57e0
  subpackages:
  - context
  - context/ctxhttp
testImports: []
